
Microsoft Visual Studio Solution File, Format Version 12.00
# Visual Studio Version 16
VisualStudioVersion = 16.0.30406.217
MinimumVisualStudioVersion = 10.0.40219.1
Project("{FAE04EC0-301F-11D3-BF4B-00C04F79EFBC}") = "Zipper", "Zipper\Zipper.csproj", "{D7A873BE-92EF-49E5-8042-20CAFDBCD16B}"
EndProject
Project("{C7167F0D-BC9F-4E6E-AFE1-012C56B48DB5}") = "ZipperMSIX", "ZipperWin32\ZipperMSIX.wapproj", "{FEB79571-F292-4523-B2B9-8B5A69AD122E}"
EndProject
Global
	GlobalSection(SolutionConfigurationPlatforms) = preSolution
		Debug|Any CPU = Debug|Any CPU
		Debug|ARM = Debug|ARM
		Debug|ARM64 = Debug|ARM64
		Debug|x64 = Debug|x64
		Debug|x86 = Debug|x86
		Release|Any CPU = Release|Any CPU
		Release|ARM = Release|ARM
		Release|ARM64 = Release|ARM64
		Release|x64 = Release|x64
		Release|x86 = Release|x86
	EndGlobalSection
	GlobalSection(ProjectConfigurationPlatforms) = postSolution
		{D7A873BE-92EF-49E5-8042-20CAFDBCD16B}.Debug|Any CPU.ActiveCfg = Debug|Any CPU
		{D7A873BE-92EF-49E5-8042-20CAFDBCD16B}.Debug|Any CPU.Build.0 = Debug|Any CPU
		{D7A873BE-92EF-49E5-8042-20CAFDBCD16B}.Debug|ARM.ActiveCfg = Debug|Any CPU
		{D7A873BE-92EF-49E5-8042-20CAFDBCD16B}.Debug|ARM.Build.0 = Debug|Any CPU
		{D7A873BE-92EF-49E5-8042-20CAFDBCD16B}.Debug|ARM64.ActiveCfg = Debug|Any CPU
		{D7A873BE-92EF-49E5-8042-20CAFDBCD16B}.Debug|ARM64.Build.0 = Debug|Any CPU
		{D7A873BE-92EF-49E5-8042-20CAFDBCD16B}.Debug|x64.ActiveCfg = Debug|Any CPU
		{D7A873BE-92EF-49E5-8042-20CAFDBCD16B}.Debug|x64.Build.0 = Debug|Any CPU
		{D7A873BE-92EF-49E5-8042-20CAFDBCD16B}.Debug|x86.ActiveCfg = Debug|Any CPU
		{D7A873BE-92EF-49E5-8042-20CAFDBCD16B}.Debug|x86.Build.0 = Debug|Any CPU
		{D7A873BE-92EF-49E5-8042-20CAFDBCD16B}.Release|Any CPU.ActiveCfg = Release|Any CPU
		{D7A873BE-92EF-49E5-8042-20CAFDBCD16B}.Release|Any CPU.Build.0 = Release|Any CPU
		{D7A873BE-92EF-49E5-8042-20CAFDBCD16B}.Release|ARM.ActiveCfg = Release|Any CPU
		{D7A873BE-92EF-49E5-8042-20CAFDBCD16B}.Release|ARM.Build.0 = Release|Any CPU
		{D7A873BE-92EF-49E5-8042-20CAFDBCD16B}.Release|ARM64.ActiveCfg = Release|Any CPU
		{D7A873BE-92EF-49E5-8042-20CAFDBCD16B}.Release|ARM64.Build.0 = Release|Any CPU
		{D7A873BE-92EF-49E5-8042-20CAFDBCD16B}.Release|x64.ActiveCfg = Release|Any CPU
		{D7A873BE-92EF-49E5-8042-20CAFDBCD16B}.Release|x64.Build.0 = Release|Any CPU
		{D7A873BE-92EF-49E5-8042-20CAFDBCD16B}.Release|x86.ActiveCfg = Release|Any CPU
		{D7A873BE-92EF-49E5-8042-20CAFDBCD16B}.Release|x86.Build.0 = Release|Any CPU
		{FEB79571-F292-4523-B2B9-8B5A69AD122E}.Debug|Any CPU.ActiveCfg = Debug|Any CPU
		{FEB79571-F292-4523-B2B9-8B5A69AD122E}.Debug|Any CPU.Build.0 = Debug|Any CPU
		{FEB79571-F292-4523-B2B9-8B5A69AD122E}.Debug|Any CPU.Deploy.0 = Debug|Any CPU
		{FEB79571-F292-4523-B2B9-8B5A69AD122E}.Debug|ARM.ActiveCfg = Debug|ARM
		{FEB79571-F292-4523-B2B9-8B5A69AD122E}.Debug|ARM.Build.0 = Debug|ARM
		{FEB79571-F292-4523-B2B9-8B5A69AD122E}.Debug|ARM.Deploy.0 = Debug|ARM
		{FEB79571-F292-4523-B2B9-8B5A69AD122E}.Debug|ARM64.ActiveCfg = Debug|ARM64
		{FEB79571-F292-4523-B2B9-8B5A69AD122E}.Debug|ARM64.Build.0 = Debug|ARM64
		{FEB79571-F292-4523-B2B9-8B5A69AD122E}.Debug|ARM64.Deploy.0 = Debug|ARM64
		{FEB79571-F292-4523-B2B9-8B5A69AD122E}.Debug|x64.ActiveCfg = Debug|x64
		{FEB79571-F292-4523-B2B9-8B5A69AD122E}.Debug|x64.Build.0 = Debug|x64
		{FEB79571-F292-4523-B2B9-8B5A69AD122E}.Debug|x64.Deploy.0 = Debug|x64
		{FEB79571-F292-4523-B2B9-8B5A69AD122E}.Debug|x86.ActiveCfg = Debug|x86
		{FEB79571-F292-4523-B2B9-8B5A69AD122E}.Debug|x86.Build.0 = Debug|x86
		{FEB79571-F292-4523-B2B9-8B5A69AD122E}.Debug|x86.Deploy.0 = Debug|x86
		{FEB79571-F292-4523-B2B9-8B5A69AD122E}.Release|Any CPU.ActiveCfg = Release|Any CPU
		{FEB79571-F292-4523-B2B9-8B5A69AD122E}.Release|Any CPU.Build.0 = Release|Any CPU
		{FEB79571-F292-4523-B2B9-8B5A69AD122E}.Release|Any CPU.Deploy.0 = Release|Any CPU
		{FEB79571-F292-4523-B2B9-8B5A69AD122E}.Release|ARM.ActiveCfg = Release|ARM
		{FEB79571-F292-4523-B2B9-8B5A69AD122E}.Release|ARM.Build.0 = Release|ARM
		{FEB79571-F292-4523-B2B9-8B5A69AD122E}.Release|ARM.Deploy.0 = Release|ARM
		{FEB79571-F292-4523-B2B9-8B5A69AD122E}.Release|ARM64.ActiveCfg = Release|ARM64
		{FEB79571-F292-4523-B2B9-8B5A69AD122E}.Release|ARM64.Build.0 = Release|ARM64
		{FEB79571-F292-4523-B2B9-8B5A69AD122E}.Release|ARM64.Deploy.0 = Release|ARM64
		{FEB79571-F292-4523-B2B9-8B5A69AD122E}.Release|x64.ActiveCfg = Release|x64
		{FEB79571-F292-4523-B2B9-8B5A69AD122E}.Release|x64.Build.0 = Release|x64
		{FEB79571-F292-4523-B2B9-8B5A69AD122E}.Release|x64.Deploy.0 = Release|x64
		{FEB79571-F292-4523-B2B9-8B5A69AD122E}.Release|x86.ActiveCfg = Release|x86
		{FEB79571-F292-4523-B2B9-8B5A69AD122E}.Release|x86.Build.0 = Release|x86
		{FEB79571-F292-4523-B2B9-8B5A69AD122E}.Release|x86.Deploy.0 = Release|x86
	EndGlobalSection
	GlobalSection(SolutionProperties) = preSolution
		HideSolutionNode = FALSE
	EndGlobalSection
	GlobalSection(ExtensibilityGlobals) = postSolution
		SolutionGuid = {C7EFBC9E-60E6-43FB-B025-6E75404F61DE}
	EndGlobalSection
EndGlobal
